
Microsoft Visual Studio Solution File, Format Version 12.00
# Visual Studio Version 17
VisualStudioVersion = 17.4.33213.308
MinimumVisualStudioVersion = 10.0.40219.1
Project("{FAE04EC0-301F-11D3-BF4B-00C04F79EFBC}") = "Client", "Client.csproj", "{099DB4BD-F03F-426D-AB7B-7D372345BAB2}"
EndProject
Project("{9A19103F-16F7-4668-BE54-9A1E7A4F7556}") = "BL", "..\BL\BL.csproj", "{8A706465-83FB-459B-BE77-F9822CA6857D}"
EndProject
Global
	GlobalSection(SolutionConfigurationPlatforms) = preSolution
		Debug|Any CPU = Debug|Any CPU
		Release|Any CPU = Release|Any CPU
	EndGlobalSection
	GlobalSection(ProjectConfigurationPlatforms) = postSolution
		{099DB4BD-F03F-426D-AB7B-7D372345BAB2}.Debug|Any CPU.ActiveCfg = Debug|Any CPU
		{099DB4BD-F03F-426D-AB7B-7D372345BAB2}.Debug|Any CPU.Build.0 = Debug|Any CPU
		{099DB4BD-F03F-426D-AB7B-7D372345BAB2}.Release|Any CPU.ActiveCfg = Release|Any CPU
		{099DB4BD-F03F-426D-AB7B-7D372345BAB2}.Release|Any CPU.Build.0 = Release|Any CPU
		{8A706465-83FB-459B-BE77-F9822CA6857D}.Debug|Any CPU.ActiveCfg = Debug|Any CPU
		{8A706465-83FB-459B-BE77-F9822CA6857D}.Debug|Any CPU.Build.0 = Debug|Any CPU
		{8A706465-83FB-459B-BE77-F9822CA6857D}.Release|Any CPU.ActiveCfg = Release|Any CPU
		{8A706465-83FB-459B-BE77-F9822CA6857D}.Release|Any CPU.Build.0 = Release|Any CPU
	EndGlobalSection
	GlobalSection(SolutionProperties) = preSolution
		HideSolutionNode = FALSE
	EndGlobalSection
	GlobalSection(ExtensibilityGlobals) = postSolution
		SolutionGuid = {9D0063B9-0B3B-4867-BBE1-4EAFC1992C91}
	EndGlobalSection
EndGlobal
